// !$*UTF8*$!
{
	archiveVersion = 1;
	classes = {
	};
	objectVersion = 50;
	objects = {

/* Begin PBXBuildFile section */
		506167343CA02FB94A52DCAB /* Pods_CountryApp.framework in Frameworks */ = {isa = PBXBuildFile; fileRef = 5D747C2A0173F83BFC57BA9B /* Pods_CountryApp.framework */; };
		5BDE4C808D17AC184AEAE03D /* Pods_CountryAppUITests.framework in Frameworks */ = {isa = PBXBuildFile; fileRef = 0976EA18D21E11FFA74351E1 /* Pods_CountryAppUITests.framework */; };
		AA31A6BE2106473000A90B1B /* AppDelegate.swift in Sources */ = {isa = PBXBuildFile; fileRef = AA31A6BD2106473000A90B1B /* AppDelegate.swift */; };
		AA31A6C32106473000A90B1B /* Main.storyboard in Resources */ = {isa = PBXBuildFile; fileRef = AA31A6C12106473000A90B1B /* Main.storyboard */; };
		AA31A6C62106473000A90B1B /* CountryApp.xcdatamodeld in Sources */ = {isa = PBXBuildFile; fileRef = AA31A6C42106473000A90B1B /* CountryApp.xcdatamodeld */; };
		AA31A6C82106473100A90B1B /* Assets.xcassets in Resources */ = {isa = PBXBuildFile; fileRef = AA31A6C72106473100A90B1B /* Assets.xcassets */; };
		AA31A6CB2106473100A90B1B /* LaunchScreen.storyboard in Resources */ = {isa = PBXBuildFile; fileRef = AA31A6C92106473100A90B1B /* LaunchScreen.storyboard */; };
		AA31A6D62106473100A90B1B /* CountryAppTests.swift in Sources */ = {isa = PBXBuildFile; fileRef = AA31A6D52106473100A90B1B /* CountryAppTests.swift */; };
		AA31A6E12106473100A90B1B /* CountryAppUITests.swift in Sources */ = {isa = PBXBuildFile; fileRef = AA31A6E02106473100A90B1B /* CountryAppUITests.swift */; };
		AA31A6F32106530C00A90B1B /* ViewController.swift in Sources */ = {isa = PBXBuildFile; fileRef = AA31A6F22106530C00A90B1B /* ViewController.swift */; };
		AA6367AB2106FE8E00F0B540 /* CountryInfoWebAPI.swift in Sources */ = {isa = PBXBuildFile; fileRef = AA6367AA2106FE8E00F0B540 /* CountryInfoWebAPI.swift */; };
		AA6367AD2106FFF100F0B540 /* CountryInfoModel.swift in Sources */ = {isa = PBXBuildFile; fileRef = AA6367AC2106FFF100F0B540 /* CountryInfoModel.swift */; };
		AA6367AE21070E6900F0B540 /* ViewController.swift in Sources */ = {isa = PBXBuildFile; fileRef = AA31A6F22106530C00A90B1B /* ViewController.swift */; };
		AA6367AF21070E6F00F0B540 /* CountryInfoModel.swift in Sources */ = {isa = PBXBuildFile; fileRef = AA6367AC2106FFF100F0B540 /* CountryInfoModel.swift */; };
		AA6367B021070E7500F0B540 /* CountryInfoWebAPI.swift in Sources */ = {isa = PBXBuildFile; fileRef = AA6367AA2106FE8E00F0B540 /* CountryInfoWebAPI.swift */; };
		AA6B26142106691700389873 /* WebServiceWrapper.swift in Sources */ = {isa = PBXBuildFile; fileRef = AA6B26132106691700389873 /* WebServiceWrapper.swift */; };
		AA6B26152106691700389873 /* WebServiceWrapper.swift in Sources */ = {isa = PBXBuildFile; fileRef = AA6B26132106691700389873 /* WebServiceWrapper.swift */; };
		AAE73B502107C24A001DF103 /* CountryTableViewCell.swift in Sources */ = {isa = PBXBuildFile; fileRef = AAE73B4F2107C24A001DF103 /* CountryTableViewCell.swift */; };
		AAE73B512107C2C7001DF103 /* CountryTableViewCell.swift in Sources */ = {isa = PBXBuildFile; fileRef = AAE73B4F2107C24A001DF103 /* CountryTableViewCell.swift */; };
		AAE73B532107C7B3001DF103 /* CountryCellViewModel.swift in Sources */ = {isa = PBXBuildFile; fileRef = AAE73B522107C7B3001DF103 /* CountryCellViewModel.swift */; };
		AAE73B552107C7D5001DF103 /* ViewControllerViewModel.swift in Sources */ = {isa = PBXBuildFile; fileRef = AAE73B542107C7D5001DF103 /* ViewControllerViewModel.swift */; };
		AAE73B562107C9CE001DF103 /* ViewControllerViewModel.swift in Sources */ = {isa = PBXBuildFile; fileRef = AAE73B542107C7D5001DF103 /* ViewControllerViewModel.swift */; };
		AAE73B572107C9D7001DF103 /* CountryCellViewModel.swift in Sources */ = {isa = PBXBuildFile; fileRef = AAE73B522107C7B3001DF103 /* CountryCellViewModel.swift */; };
		AAE73B602107D062001DF103 /* ImageDownloader.swift in Sources */ = {isa = PBXBuildFile; fileRef = AAE73B5F2107D062001DF103 /* ImageDownloader.swift */; };
		AAE73B612107D07D001DF103 /* ImageDownloader.swift in Sources */ = {isa = PBXBuildFile; fileRef = AAE73B5F2107D062001DF103 /* ImageDownloader.swift */; };
		AAEF19A62108DC7300E94C98 /* CountryCollectionViewCell.swift in Sources */ = {isa = PBXBuildFile; fileRef = AAEF19A52108DC7300E94C98 /* CountryCollectionViewCell.swift */; };
		AAEF19A72108DCE300E94C98 /* CountryCollectionViewCell.swift in Sources */ = {isa = PBXBuildFile; fileRef = AAEF19A52108DC7300E94C98 /* CountryCollectionViewCell.swift */; };
		AAEF19B42108FFC800E94C98 /* CountryInfoWebAPITest.swift in Sources */ = {isa = PBXBuildFile; fileRef = AAEF19B32108FFC800E94C98 /* CountryInfoWebAPITest.swift */; };
		AAEF19B62109048D00E94C98 /* ViewControllerViewModelTest.swift in Sources */ = {isa = PBXBuildFile; fileRef = AAEF19B52109048D00E94C98 /* ViewControllerViewModelTest.swift */; };
		B3231A236221D49F6B9E4E17 /* Pods_CountryAppTests.framework in Frameworks */ = {isa = PBXBuildFile; fileRef = B8A8D35CD208FA5F8FD387E7 /* Pods_CountryAppTests.framework */; };
/* End PBXBuildFile section */

/* Begin PBXContainerItemProxy section */
		AA31A6D22106473100A90B1B /* PBXContainerItemProxy */ = {
			isa = PBXContainerItemProxy;
			containerPortal = AA31A6B22106473000A90B1B /* Project object */;
			proxyType = 1;
			remoteGlobalIDString = AA31A6B92106473000A90B1B;
			remoteInfo = CountryApp;
		};
		AA31A6DD2106473100A90B1B /* PBXContainerItemProxy */ = {
			isa = PBXContainerItemProxy;
			containerPortal = AA31A6B22106473000A90B1B /* Project object */;
			proxyType = 1;
			remoteGlobalIDString = AA31A6B92106473000A90B1B;
			remoteInfo = CountryApp;
		};
/* End PBXContainerItemProxy section */

/* Begin PBXCopyFilesBuildPhase section */
		AA6B261A21066C4B00389873 /* Embed Frameworks */ = {
			isa = PBXCopyFilesBuildPhase;
			buildActionMask = 2147483647;
			dstPath = "";
			dstSubfolderSpec = 10;
			files = (
			);
			name = "Embed Frameworks";
			runOnlyForDeploymentPostprocessing = 0;
		};
/* End PBXCopyFilesBuildPhase section */

/* Begin PBXFileReference section */
		0976EA18D21E11FFA74351E1 /* Pods_CountryAppUITests.framework */ = {isa = PBXFileReference; explicitFileType = wrapper.framework; includeInIndex = 0; path = Pods_CountryAppUITests.framework; sourceTree = BUILT_PRODUCTS_DIR; };
		18DCA66D8B7DA6E6FA22B21D /* Pods-CountryApp.release.xcconfig */ = {isa = PBXFileReference; includeInIndex = 1; lastKnownFileType = text.xcconfig; name = "Pods-CountryApp.release.xcconfig"; path = "Pods/Target Support Files/Pods-CountryApp/Pods-CountryApp.release.xcconfig"; sourceTree = "<group>"; };
		5D747C2A0173F83BFC57BA9B /* Pods_CountryApp.framework */ = {isa = PBXFileReference; explicitFileType = wrapper.framework; includeInIndex = 0; path = Pods_CountryApp.framework; sourceTree = BUILT_PRODUCTS_DIR; };
		97C640BDD466DAF1D0E4D3CA /* Pods-CountryApp.debug.xcconfig */ = {isa = PBXFileReference; includeInIndex = 1; lastKnownFileType = text.xcconfig; name = "Pods-CountryApp.debug.xcconfig"; path = "Pods/Target Support Files/Pods-CountryApp/Pods-CountryApp.debug.xcconfig"; sourceTree = "<group>"; };
		A4DCDC18A195A742D212EB5E /* Pods-CountryAppTests.release.xcconfig */ = {isa = PBXFileReference; includeInIndex = 1; lastKnownFileType = text.xcconfig; name = "Pods-CountryAppTests.release.xcconfig"; path = "Pods/Target Support Files/Pods-CountryAppTests/Pods-CountryAppTests.release.xcconfig"; sourceTree = "<group>"; };
		A5B17237511F90852461D579 /* Pods-CountryAppTests.debug.xcconfig */ = {isa = PBXFileReference; includeInIndex = 1; lastKnownFileType = text.xcconfig; name = "Pods-CountryAppTests.debug.xcconfig"; path = "Pods/Target Support Files/Pods-CountryAppTests/Pods-CountryAppTests.debug.xcconfig"; sourceTree = "<group>"; };
		AA31A6BA2106473000A90B1B /* CountryApp.app */ = {isa = PBXFileReference; explicitFileType = wrapper.application; includeInIndex = 0; path = CountryApp.app; sourceTree = BUILT_PRODUCTS_DIR; };
		AA31A6BD2106473000A90B1B /* AppDelegate.swift */ = {isa = PBXFileReference; lastKnownFileType = sourcecode.swift; path = AppDelegate.swift; sourceTree = "<group>"; };
		AA31A6C22106473000A90B1B /* Base */ = {isa = PBXFileReference; lastKnownFileType = file.storyboard; name = Base; path = Base.lproj/Main.storyboard; sourceTree = "<group>"; };
		AA31A6C52106473000A90B1B /* CountryApp.xcdatamodel */ = {isa = PBXFileReference; lastKnownFileType = wrapper.xcdatamodel; path = CountryApp.xcdatamodel; sourceTree = "<group>"; };
		AA31A6C72106473100A90B1B /* Assets.xcassets */ = {isa = PBXFileReference; lastKnownFileType = folder.assetcatalog; path = Assets.xcassets; sourceTree = "<group>"; };
		AA31A6CA2106473100A90B1B /* Base */ = {isa = PBXFileReference; lastKnownFileType = file.storyboard; name = Base; path = Base.lproj/LaunchScreen.storyboard; sourceTree = "<group>"; };
		AA31A6CC2106473100A90B1B /* Info.plist */ = {isa = PBXFileReference; lastKnownFileType = text.plist.xml; path = Info.plist; sourceTree = "<group>"; };
		AA31A6D12106473100A90B1B /* CountryAppTests.xctest */ = {isa = PBXFileReference; explicitFileType = wrapper.cfbundle; includeInIndex = 0; path = CountryAppTests.xctest; sourceTree = BUILT_PRODUCTS_DIR; };
		AA31A6D52106473100A90B1B /* CountryAppTests.swift */ = {isa = PBXFileReference; lastKnownFileType = sourcecode.swift; path = CountryAppTests.swift; sourceTree = "<group>"; };
		AA31A6D72106473100A90B1B /* Info.plist */ = {isa = PBXFileReference; lastKnownFileType = text.plist.xml; path = Info.plist; sourceTree = "<group>"; };
		AA31A6DC2106473100A90B1B /* CountryAppUITests.xctest */ = {isa = PBXFileReference; explicitFileType = wrapper.cfbundle; includeInIndex = 0; path = CountryAppUITests.xctest; sourceTree = BUILT_PRODUCTS_DIR; };
		AA31A6E02106473100A90B1B /* CountryAppUITests.swift */ = {isa = PBXFileReference; lastKnownFileType = sourcecode.swift; path = CountryAppUITests.swift; sourceTree = "<group>"; };
		AA31A6E22106473100A90B1B /* Info.plist */ = {isa = PBXFileReference; lastKnownFileType = text.plist.xml; path = Info.plist; sourceTree = "<group>"; };
		AA31A6F22106530C00A90B1B /* ViewController.swift */ = {isa = PBXFileReference; fileEncoding = 4; lastKnownFileType = sourcecode.swift; path = ViewController.swift; sourceTree = "<group>"; };
		AA6367AA2106FE8E00F0B540 /* CountryInfoWebAPI.swift */ = {isa = PBXFileReference; lastKnownFileType = sourcecode.swift; path = CountryInfoWebAPI.swift; sourceTree = "<group>"; };
		AA6367AC2106FFF100F0B540 /* CountryInfoModel.swift */ = {isa = PBXFileReference; lastKnownFileType = sourcecode.swift; path = CountryInfoModel.swift; sourceTree = "<group>"; };
		AA6B26132106691700389873 /* WebServiceWrapper.swift */ = {isa = PBXFileReference; lastKnownFileType = sourcecode.swift; path = WebServiceWrapper.swift; sourceTree = "<group>"; };
		AAE73B4F2107C24A001DF103 /* CountryTableViewCell.swift */ = {isa = PBXFileReference; lastKnownFileType = sourcecode.swift; path = CountryTableViewCell.swift; sourceTree = "<group>"; };
		AAE73B522107C7B3001DF103 /* CountryCellViewModel.swift */ = {isa = PBXFileReference; lastKnownFileType = sourcecode.swift; path = CountryCellViewModel.swift; sourceTree = "<group>"; };
		AAE73B542107C7D5001DF103 /* ViewControllerViewModel.swift */ = {isa = PBXFileReference; lastKnownFileType = sourcecode.swift; path = ViewControllerViewModel.swift; sourceTree = "<group>"; };
		AAE73B5F2107D062001DF103 /* ImageDownloader.swift */ = {isa = PBXFileReference; lastKnownFileType = sourcecode.swift; path = ImageDownloader.swift; sourceTree = "<group>"; };
		AAEF19A52108DC7300E94C98 /* CountryCollectionViewCell.swift */ = {isa = PBXFileReference; lastKnownFileType = sourcecode.swift; path = CountryCollectionViewCell.swift; sourceTree = "<group>"; };
		AAEF19B32108FFC800E94C98 /* CountryInfoWebAPITest.swift */ = {isa = PBXFileReference; lastKnownFileType = sourcecode.swift; path = CountryInfoWebAPITest.swift; sourceTree = "<group>"; };
		AAEF19B52109048D00E94C98 /* ViewControllerViewModelTest.swift */ = {isa = PBXFileReference; lastKnownFileType = sourcecode.swift; path = ViewControllerViewModelTest.swift; sourceTree = "<group>"; };
		B8A8D35CD208FA5F8FD387E7 /* Pods_CountryAppTests.framework */ = {isa = PBXFileReference; explicitFileType = wrapper.framework; includeInIndex = 0; path = Pods_CountryAppTests.framework; sourceTree = BUILT_PRODUCTS_DIR; };
		D64D2CDAF0E1E010F20E38CC /* Pods-CountryAppUITests.debug.xcconfig */ = {isa = PBXFileReference; includeInIndex = 1; lastKnownFileType = text.xcconfig; name = "Pods-CountryAppUITests.debug.xcconfig"; path = "Pods/Target Support Files/Pods-CountryAppUITests/Pods-CountryAppUITests.debug.xcconfig"; sourceTree = "<group>"; };
		DCC91C5ECDAEFEF11BA9F350 /* Pods-CountryAppUITests.release.xcconfig */ = {isa = PBXFileReference; includeInIndex = 1; lastKnownFileType = text.xcconfig; name = "Pods-CountryAppUITests.release.xcconfig"; path = "Pods/Target Support Files/Pods-CountryAppUITests/Pods-CountryAppUITests.release.xcconfig"; sourceTree = "<group>"; };
/* End PBXFileReference section */

/* Begin PBXFrameworksBuildPhase section */
		AA31A6B72106473000A90B1B /* Frameworks */ = {
			isa = PBXFrameworksBuildPhase;
			buildActionMask = 2147483647;
			files = (
				506167343CA02FB94A52DCAB /* Pods_CountryApp.framework in Frameworks */,
			);
			runOnlyForDeploymentPostprocessing = 0;
		};
		AA31A6CE2106473100A90B1B /* Frameworks */ = {
			isa = PBXFrameworksBuildPhase;
			buildActionMask = 2147483647;
			files = (
				B3231A236221D49F6B9E4E17 /* Pods_CountryAppTests.framework in Frameworks */,
			);
			runOnlyForDeploymentPostprocessing = 0;
		};
		AA31A6D92106473100A90B1B /* Frameworks */ = {
			isa = PBXFrameworksBuildPhase;
			buildActionMask = 2147483647;
			files = (
				5BDE4C808D17AC184AEAE03D /* Pods_CountryAppUITests.framework in Frameworks */,
			);
			runOnlyForDeploymentPostprocessing = 0;
		};
/* End PBXFrameworksBuildPhase section */

/* Begin PBXGroup section */
		AA31A6B12106473000A90B1B = {
			isa = PBXGroup;
			children = (
				AA31A6BC2106473000A90B1B /* CountryApp */,
				AA31A6D42106473100A90B1B /* CountryAppTests */,
				AA31A6DF2106473100A90B1B /* CountryAppUITests */,
				AA31A6BB2106473000A90B1B /* Products */,
				B608C83864849C1E1CDC48BF /* Pods */,
				F1607C4B4BAD61AE9EE3A841 /* Frameworks */,
			);
			sourceTree = "<group>";
		};
		AA31A6BB2106473000A90B1B /* Products */ = {
			isa = PBXGroup;
			children = (
				AA31A6BA2106473000A90B1B /* CountryApp.app */,
				AA31A6D12106473100A90B1B /* CountryAppTests.xctest */,
				AA31A6DC2106473100A90B1B /* CountryAppUITests.xctest */,
			);
			name = Products;
			sourceTree = "<group>";
		};
		AA31A6BC2106473000A90B1B /* CountryApp */ = {
			isa = PBXGroup;
			children = (
				AA31A6BD2106473000A90B1B /* AppDelegate.swift */,
				AA31A6C12106473000A90B1B /* Main.storyboard */,
				AA31A6EF2106528500A90B1B /* Constraints */,
				AA31A6F02106528500A90B1B /* Model */,
				AA31A6F12106528500A90B1B /* Resources */,
				AA31A6EE2106528500A90B1B /* View */,
				AA6367A92106FE4E00F0B540 /* WebServiceAccessLayer */,
				AA6B2612210668ED00389873 /* Wrapper */,
				AA31A6C72106473100A90B1B /* Assets.xcassets */,
				AA31A6C92106473100A90B1B /* LaunchScreen.storyboard */,
				AA31A6CC2106473100A90B1B /* Info.plist */,
				AA31A6C42106473000A90B1B /* CountryApp.xcdatamodeld */,
			);
			path = CountryApp;
			sourceTree = "<group>";
		};
		AA31A6D42106473100A90B1B /* CountryAppTests */ = {
			isa = PBXGroup;
			children = (
				AA31A6D52106473100A90B1B /* CountryAppTests.swift */,
				AA31A6D72106473100A90B1B /* Info.plist */,
				AAEF19B32108FFC800E94C98 /* CountryInfoWebAPITest.swift */,
				AAEF19B52109048D00E94C98 /* ViewControllerViewModelTest.swift */,
			);
			path = CountryAppTests;
			sourceTree = "<group>";
		};
		AA31A6DF2106473100A90B1B /* CountryAppUITests */ = {
			isa = PBXGroup;
			children = (
				AA31A6E02106473100A90B1B /* CountryAppUITests.swift */,
				AA31A6E22106473100A90B1B /* Info.plist */,
			);
			path = CountryAppUITests;
			sourceTree = "<group>";
		};
		AA31A6EE2106528500A90B1B /* View */ = {
			isa = PBXGroup;
			children = (
				AA31A6F22106530C00A90B1B /* ViewController.swift */,
				AAE73B542107C7D5001DF103 /* ViewControllerViewModel.swift */,
				AAE73B522107C7B3001DF103 /* CountryCellViewModel.swift */,
				AAE73B4F2107C24A001DF103 /* CountryTableViewCell.swift */,
				AAEF19A52108DC7300E94C98 /* CountryCollectionViewCell.swift */,
			);
			path = View;
			sourceTree = "<group>";
		};
		AA31A6EF2106528500A90B1B /* Constraints */ = {
			isa = PBXGroup;
			children = (
				AAE73B5F2107D062001DF103 /* ImageDownloader.swift */,
			);
			path = Constraints;
			sourceTree = "<group>";
		};
		AA31A6F02106528500A90B1B /* Model */ = {
			isa = PBXGroup;
			children = (
				AA6367AC2106FFF100F0B540 /* CountryInfoModel.swift */,
			);
			path = Model;
			sourceTree = "<group>";
		};
		AA31A6F12106528500A90B1B /* Resources */ = {
			isa = PBXGroup;
			children = (
			);
			path = Resources;
			sourceTree = "<group>";
		};
		AA6367A92106FE4E00F0B540 /* WebServiceAccessLayer */ = {
			isa = PBXGroup;
			children = (
				AA6367AA2106FE8E00F0B540 /* CountryInfoWebAPI.swift */,
			);
			path = WebServiceAccessLayer;
			sourceTree = "<group>";
		};
		AA6B2612210668ED00389873 /* Wrapper */ = {
			isa = PBXGroup;
			children = (
				AA6B26132106691700389873 /* WebServiceWrapper.swift */,
			);
			path = Wrapper;
			sourceTree = "<group>";
		};
		B608C83864849C1E1CDC48BF /* Pods */ = {
			isa = PBXGroup;
			children = (
				97C640BDD466DAF1D0E4D3CA /* Pods-CountryApp.debug.xcconfig */,
				18DCA66D8B7DA6E6FA22B21D /* Pods-CountryApp.release.xcconfig */,
				A5B17237511F90852461D579 /* Pods-CountryAppTests.debug.xcconfig */,
				A4DCDC18A195A742D212EB5E /* Pods-CountryAppTests.release.xcconfig */,
				D64D2CDAF0E1E010F20E38CC /* Pods-CountryAppUITests.debug.xcconfig */,
				DCC91C5ECDAEFEF11BA9F350 /* Pods-CountryAppUITests.release.xcconfig */,
			);
			name = Pods;
			sourceTree = "<group>";
		};
		F1607C4B4BAD61AE9EE3A841 /* Frameworks */ = {
			isa = PBXGroup;
			children = (
				5D747C2A0173F83BFC57BA9B /* Pods_CountryApp.framework */,
				B8A8D35CD208FA5F8FD387E7 /* Pods_CountryAppTests.framework */,
				0976EA18D21E11FFA74351E1 /* Pods_CountryAppUITests.framework */,
			);
			name = Frameworks;
			sourceTree = "<group>";
		};
/* End PBXGroup section */

/* Begin PBXNativeTarget section */
		AA31A6B92106473000A90B1B /* CountryApp */ = {
			isa = PBXNativeTarget;
			buildConfigurationList = AA31A6E52106473100A90B1B /* Build configuration list for PBXNativeTarget "CountryApp" */;
			buildPhases = (
				638D4311225E45DD5EBFD919 /* [CP] Check Pods Manifest.lock */,
				AA31A6B62106473000A90B1B /* Sources */,
				AA31A6B72106473000A90B1B /* Frameworks */,
				AA31A6B82106473000A90B1B /* Resources */,
				AA6B261A21066C4B00389873 /* Embed Frameworks */,
				9E38B88626D1C6621C93DF7F /* [CP] Embed Pods Frameworks */,
			);
			buildRules = (
			);
			dependencies = (
			);
			name = CountryApp;
			productName = CountryApp;
			productReference = AA31A6BA2106473000A90B1B /* CountryApp.app */;
			productType = "com.apple.product-type.application";
		};
		AA31A6D02106473100A90B1B /* CountryAppTests */ = {
			isa = PBXNativeTarget;
			buildConfigurationList = AA31A6E82106473100A90B1B /* Build configuration list for PBXNativeTarget "CountryAppTests" */;
			buildPhases = (
				24D464DFE39D7D6B11E6A8B0 /* [CP] Check Pods Manifest.lock */,
				AA31A6CD2106473100A90B1B /* Sources */,
				AA31A6CE2106473100A90B1B /* Frameworks */,
				AA31A6CF2106473100A90B1B /* Resources */,
			);
			buildRules = (
			);
			dependencies = (
				AA31A6D32106473100A90B1B /* PBXTargetDependency */,
			);
			name = CountryAppTests;
			productName = CountryAppTests;
			productReference = AA31A6D12106473100A90B1B /* CountryAppTests.xctest */;
			productType = "com.apple.product-type.bundle.unit-test";
		};
		AA31A6DB2106473100A90B1B /* CountryAppUITests */ = {
			isa = PBXNativeTarget;
			buildConfigurationList = AA31A6EB2106473100A90B1B /* Build configuration list for PBXNativeTarget "CountryAppUITests" */;
			buildPhases = (
				28EBF6ABE1719F372BF91B10 /* [CP] Check Pods Manifest.lock */,
				AA31A6D82106473100A90B1B /* Sources */,
				AA31A6D92106473100A90B1B /* Frameworks */,
				AA31A6DA2106473100A90B1B /* Resources */,
			);
			buildRules = (
			);
			dependencies = (
				AA31A6DE2106473100A90B1B /* PBXTargetDependency */,
			);
			name = CountryAppUITests;
			productName = CountryAppUITests;
			productReference = AA31A6DC2106473100A90B1B /* CountryAppUITests.xctest */;
			productType = "com.apple.product-type.bundle.ui-testing";
		};
/* End PBXNativeTarget section */

/* Begin PBXProject section */
		AA31A6B22106473000A90B1B /* Project object */ = {
			isa = PBXProject;
			attributes = {
				LastSwiftUpdateCheck = 0940;
				LastUpgradeCheck = 0940;
				ORGANIZATIONNAME = "Rasmiranjan Sahu";
				TargetAttributes = {
					AA31A6B92106473000A90B1B = {
						CreatedOnToolsVersion = 9.4.1;
					};
					AA31A6D02106473100A90B1B = {
						CreatedOnToolsVersion = 9.4.1;
						TestTargetID = AA31A6B92106473000A90B1B;
					};
					AA31A6DB2106473100A90B1B = {
						CreatedOnToolsVersion = 9.4.1;
						TestTargetID = AA31A6B92106473000A90B1B;
					};
				};
			};
			buildConfigurationList = AA31A6B52106473000A90B1B /* Build configuration list for PBXProject "CountryApp" */;
			compatibilityVersion = "Xcode 9.3";
			developmentRegion = en;
			hasScannedForEncodings = 0;
			knownRegions = (
				en,
				Base,
			);
			mainGroup = AA31A6B12106473000A90B1B;
			productRefGroup = AA31A6BB2106473000A90B1B /* Products */;
			projectDirPath = "";
			projectRoot = "";
			targets = (
				AA31A6B92106473000A90B1B /* CountryApp */,
				AA31A6D02106473100A90B1B /* CountryAppTests */,
				AA31A6DB2106473100A90B1B /* CountryAppUITests */,
			);
		};
/* End PBXProject section */

/* Begin PBXResourcesBuildPhase section */
		AA31A6B82106473000A90B1B /* Resources */ = {
			isa = PBXResourcesBuildPhase;
			buildActionMask = 2147483647;
			files = (
				AA31A6CB2106473100A90B1B /* LaunchScreen.storyboard in Resources */,
				AA31A6C82106473100A90B1B /* Assets.xcassets in Resources */,
				AA31A6C32106473000A90B1B /* Main.storyboard in Resources */,
			);
			runOnlyForDeploymentPostprocessing = 0;
		};
		AA31A6CF2106473100A90B1B /* Resources */ = {
			isa = PBXResourcesBuildPhase;
			buildActionMask = 2147483647;
			files = (
			);
			runOnlyForDeploymentPostprocessing = 0;
		};
		AA31A6DA2106473100A90B1B /* Resources */ = {
			isa = PBXResourcesBuildPhase;
			buildActionMask = 2147483647;
			files = (
			);
			runOnlyForDeploymentPostprocessing = 0;
		};
/* End PBXResourcesBuildPhase section */

/* Begin PBXShellScriptBuildPhase section */
		24D464DFE39D7D6B11E6A8B0 /* [CP] Check Pods Manifest.lock */ = {
			isa = PBXShellScriptBuildPhase;
			buildActionMask = 2147483647;
			files = (
			);
			inputPaths = (
				"${PODS_PODFILE_DIR_PATH}/Podfile.lock",
				"${PODS_ROOT}/Manifest.lock",
			);
			name = "[CP] Check Pods Manifest.lock";
			outputPaths = (
				"$(DERIVED_FILE_DIR)/Pods-CountryAppTests-checkManifestLockResult.txt",
			);
			runOnlyForDeploymentPostprocessing = 0;
			shellPath = /bin/sh;
			shellScript = "diff \"${PODS_PODFILE_DIR_PATH}/Podfile.lock\" \"${PODS_ROOT}/Manifest.lock\" > /dev/null\nif [ $? != 0 ] ; then\n    # print error to STDERR\n    echo \"error: The sandbox is not in sync with the Podfile.lock. Run 'pod install' or update your CocoaPods installation.\" >&2\n    exit 1\nfi\n# This output is used by Xcode 'outputs' to avoid re-running this script phase.\necho \"SUCCESS\" > \"${SCRIPT_OUTPUT_FILE_0}\"\n";
			showEnvVarsInLog = 0;
		};
		28EBF6ABE1719F372BF91B10 /* [CP] Check Pods Manifest.lock */ = {
			isa = PBXShellScriptBuildPhase;
			buildActionMask = 2147483647;
			files = (
			);
			inputPaths = (
				"${PODS_PODFILE_DIR_PATH}/Podfile.lock",
				"${PODS_ROOT}/Manifest.lock",
			);
			name = "[CP] Check Pods Manifest.lock";
			outputPaths = (
				"$(DERIVED_FILE_DIR)/Pods-CountryAppUITests-checkManifestLockResult.txt",
			);
			runOnlyForDeploymentPostprocessing = 0;
			shellPath = /bin/sh;
			shellScript = "diff \"${PODS_PODFILE_DIR_PATH}/Podfile.lock\" \"${PODS_ROOT}/Manifest.lock\" > /dev/null\nif [ $? != 0 ] ; then\n    # print error to STDERR\n    echo \"error: The sandbox is not in sync with the Podfile.lock. Run 'pod install' or update your CocoaPods installation.\" >&2\n    exit 1\nfi\n# This output is used by Xcode 'outputs' to avoid re-running this script phase.\necho \"SUCCESS\" > \"${SCRIPT_OUTPUT_FILE_0}\"\n";
			showEnvVarsInLog = 0;
		};
		638D4311225E45DD5EBFD919 /* [CP] Check Pods Manifest.lock */ = {
			isa = PBXShellScriptBuildPhase;
			buildActionMask = 2147483647;
			files = (
			);
			inputPaths = (
				"${PODS_PODFILE_DIR_PATH}/Podfile.lock",
				"${PODS_ROOT}/Manifest.lock",
			);
			name = "[CP] Check Pods Manifest.lock";
			outputPaths = (
				"$(DERIVED_FILE_DIR)/Pods-CountryApp-checkManifestLockResult.txt",
			);
			runOnlyForDeploymentPostprocessing = 0;
			shellPath = /bin/sh;
			shellScript = "diff \"${PODS_PODFILE_DIR_PATH}/Podfile.lock\" \"${PODS_ROOT}/Manifest.lock\" > /dev/null\nif [ $? != 0 ] ; then\n    # print error to STDERR\n    echo \"error: The sandbox is not in sync with the Podfile.lock. Run 'pod install' or update your CocoaPods installation.\" >&2\n    exit 1\nfi\n# This output is used by Xcode 'outputs' to avoid re-running this script phase.\necho \"SUCCESS\" > \"${SCRIPT_OUTPUT_FILE_0}\"\n";
			showEnvVarsInLog = 0;
		};
		9E38B88626D1C6621C93DF7F /* [CP] Embed Pods Frameworks */ = {
			isa = PBXShellScriptBuildPhase;
			buildActionMask = 2147483647;
			files = (
			);
			inputPaths = (
				"${SRCROOT}/Pods/Target Support Files/Pods-CountryApp/Pods-CountryApp-frameworks.sh",
				"${BUILT_PRODUCTS_DIR}/Alamofire/Alamofire.framework",
			);
			name = "[CP] Embed Pods Frameworks";
			outputPaths = (
				"${TARGET_BUILD_DIR}/${FRAMEWORKS_FOLDER_PATH}/Alamofire.framework",
			);
			runOnlyForDeploymentPostprocessing = 0;
			shellPath = /bin/sh;
			shellScript = "\"${SRCROOT}/Pods/Target Support Files/Pods-CountryApp/Pods-CountryApp-frameworks.sh\"\n";
			showEnvVarsInLog = 0;
		};
/* End PBXShellScriptBuildPhase section */

/* Begin PBXSourcesBuildPhase section */
		AA31A6B62106473000A90B1B /* Sources */ = {
			isa = PBXSourcesBuildPhase;
			buildActionMask = 2147483647;
			files = (
				AA6367AB2106FE8E00F0B540 /* CountryInfoWebAPI.swift in Sources */,
				AA31A6F32106530C00A90B1B /* ViewController.swift in Sources */,
				AA6367AD2106FFF100F0B540 /* CountryInfoModel.swift in Sources */,
				AA31A6C62106473000A90B1B /* CountryApp.xcdatamodeld in Sources */,
				AA6B26142106691700389873 /* WebServiceWrapper.swift in Sources */,
				AAE73B532107C7B3001DF103 /* CountryCellViewModel.swift in Sources */,
				AAE73B602107D062001DF103 /* ImageDownloader.swift in Sources */,
				AAE73B502107C24A001DF103 /* CountryTableViewCell.swift in Sources */,
				AAE73B552107C7D5001DF103 /* ViewControllerViewModel.swift in Sources */,
				AA31A6BE2106473000A90B1B /* AppDelegate.swift in Sources */,
				AAEF19A62108DC7300E94C98 /* CountryCollectionViewCell.swift in Sources */,
			);
			runOnlyForDeploymentPostprocessing = 0;
		};
		AA31A6CD2106473100A90B1B /* Sources */ = {
			isa = PBXSourcesBuildPhase;
			buildActionMask = 2147483647;
			files = (
				AAE73B512107C2C7001DF103 /* CountryTableViewCell.swift in Sources */,
				AAEF19A72108DCE300E94C98 /* CountryCollectionViewCell.swift in Sources */,
				AA6367B021070E7500F0B540 /* CountryInfoWebAPI.swift in Sources */,
				AAEF19B42108FFC800E94C98 /* CountryInfoWebAPITest.swift in Sources */,
				AA6367AE21070E6900F0B540 /* ViewController.swift in Sources */,
				AA6B26152106691700389873 /* WebServiceWrapper.swift in Sources */,
				AA6367AF21070E6F00F0B540 /* CountryInfoModel.swift in Sources */,
				AAE73B572107C9D7001DF103 /* CountryCellViewModel.swift in Sources */,
				AAE73B562107C9CE001DF103 /* ViewControllerViewModel.swift in Sources */,
				AAEF19B62109048D00E94C98 /* ViewControllerViewModelTest.swift in Sources */,
				AAE73B612107D07D001DF103 /* ImageDownloader.swift in Sources */,
				AA31A6D62106473100A90B1B /* CountryAppTests.swift in Sources */,
			);
			runOnlyForDeploymentPostprocessing = 0;
		};
		AA31A6D82106473100A90B1B /* Sources */ = {
			isa = PBXSourcesBuildPhase;
			buildActionMask = 2147483647;
			files = (
				AA31A6E12106473100A90B1B /* CountryAppUITests.swift in Sources */,
			);
			runOnlyForDeploymentPostprocessing = 0;
		};
/* End PBXSourcesBuildPhase section */

/* Begin PBXTargetDependency section */
		AA31A6D32106473100A90B1B /* PBXTargetDependency */ = {
			isa = PBXTargetDependency;
			target = AA31A6B92106473000A90B1B /* CountryApp */;
			targetProxy = AA31A6D22106473100A90B1B /* PBXContainerItemProxy */;
		};
		AA31A6DE2106473100A90B1B /* PBXTargetDependency */ = {
			isa = PBXTargetDependency;
			target = AA31A6B92106473000A90B1B /* CountryApp */;
			targetProxy = AA31A6DD2106473100A90B1B /* PBXContainerItemProxy */;
		};
/* End PBXTargetDependency section */

/* Begin PBXVariantGroup section */
		AA31A6C12106473000A90B1B /* Main.storyboard */ = {
			isa = PBXVariantGroup;
			children = (
				AA31A6C22106473000A90B1B /* Base */,
			);
			name = Main.storyboard;
			sourceTree = "<group>";
		};
		AA31A6C92106473100A90B1B /* LaunchScreen.storyboard */ = {
			isa = PBXVariantGroup;
			children = (
				AA31A6CA2106473100A90B1B /* Base */,
			);
			name = LaunchScreen.storyboard;
			sourceTree = "<group>";
		};
/* End PBXVariantGroup section */

/* Begin XCBuildConfiguration section */
		AA31A6E32106473100A90B1B /* Debug */ = {
			isa = XCBuildConfiguration;
			buildSettings = {
				ALWAYS_SEARCH_USER_PATHS = NO;
				CLANG_ANALYZER_NONNULL = YES;
				CLANG_ANALYZER_NUMBER_OBJECT_CONVERSION = YES_AGGRESSIVE;
				CLANG_CXX_LANGUAGE_STANDARD = "gnu++14";
				CLANG_CXX_LIBRARY = "libc++";
				CLANG_ENABLE_MODULES = YES;
				CLANG_ENABLE_OBJC_ARC = YES;
				CLANG_ENABLE_OBJC_WEAK = YES;
				CLANG_WARN_BLOCK_CAPTURE_AUTORELEASING = YES;
				CLANG_WARN_BOOL_CONVERSION = YES;
				CLANG_WARN_COMMA = YES;
				CLANG_WARN_CONSTANT_CONVERSION = YES;
				CLANG_WARN_DEPRECATED_OBJC_IMPLEMENTATIONS = YES;
				CLANG_WARN_DIRECT_OBJC_ISA_USAGE = YES_ERROR;
				CLANG_WARN_DOCUMENTATION_COMMENTS = YES;
				CLANG_WARN_EMPTY_BODY = YES;
				CLANG_WARN_ENUM_CONVERSION = YES;
				CLANG_WARN_INFINITE_RECURSION = YES;
				CLANG_WARN_INT_CONVERSION = YES;
				CLANG_WARN_NON_LITERAL_NULL_CONVERSION = YES;
				CLANG_WARN_OBJC_IMPLICIT_RETAIN_SELF = YES;
				CLANG_WARN_OBJC_LITERAL_CONVERSION = YES;
				CLANG_WARN_OBJC_ROOT_CLASS = YES_ERROR;
				CLANG_WARN_RANGE_LOOP_ANALYSIS = YES;
				CLANG_WARN_STRICT_PROTOTYPES = YES;
				CLANG_WARN_SUSPICIOUS_MOVE = YES;
				CLANG_WARN_UNGUARDED_AVAILABILITY = YES_AGGRESSIVE;
				CLANG_WARN_UNREACHABLE_CODE = YES;
				CLANG_WARN__DUPLICATE_METHOD_MATCH = YES;
				CODE_SIGN_IDENTITY = "iPhone Developer";
				COPY_PHASE_STRIP = NO;
				DEBUG_INFORMATION_FORMAT = dwarf;
				ENABLE_STRICT_OBJC_MSGSEND = YES;
				ENABLE_TESTABILITY = YES;
				GCC_C_LANGUAGE_STANDARD = gnu11;
				GCC_DYNAMIC_NO_PIC = NO;
				GCC_NO_COMMON_BLOCKS = YES;
				GCC_OPTIMIZATION_LEVEL = 0;
				GCC_PREPROCESSOR_DEFINITIONS = (
					"DEBUG=1",
					"$(inherited)",
				);
				GCC_WARN_64_TO_32_BIT_CONVERSION = YES;
				GCC_WARN_ABOUT_RETURN_TYPE = YES_ERROR;
				GCC_WARN_UNDECLARED_SELECTOR = YES;
				GCC_WARN_UNINITIALIZED_AUTOS = YES_AGGRESSIVE;
				GCC_WARN_UNUSED_FUNCTION = YES;
				GCC_WARN_UNUSED_VARIABLE = YES;
				INFOPLIST_EXPAND_BUILD_SETTINGS = YES;
				IPHONEOS_DEPLOYMENT_TARGET = 10.0;
				MTL_ENABLE_DEBUG_INFO = YES;
				ONLY_ACTIVE_ARCH = YES;
				OTHER_LDFLAGS = (
					"$(inherited)",
					"-ObjC",
				);
				SDKROOT = iphoneos;
				SWIFT_ACTIVE_COMPILATION_CONDITIONS = DEBUG;
				SWIFT_OPTIMIZATION_LEVEL = "-Onone";
				USE_HEADERMAP = YES;
			};
			name = Debug;
		};
		AA31A6E42106473100A90B1B /* Release */ = {
			isa = XCBuildConfiguration;
			buildSettings = {
				ALWAYS_SEARCH_USER_PATHS = NO;
				CLANG_ANALYZER_NONNULL = YES;
				CLANG_ANALYZER_NUMBER_OBJECT_CONVERSION = YES_AGGRESSIVE;
				CLANG_CXX_LANGUAGE_STANDARD = "gnu++14";
				CLANG_CXX_LIBRARY = "libc++";
				CLANG_ENABLE_MODULES = YES;
				CLANG_ENABLE_OBJC_ARC = YES;
				CLANG_ENABLE_OBJC_WEAK = YES;
				CLANG_WARN_BLOCK_CAPTURE_AUTORELEASING = YES;
				CLANG_WARN_BOOL_CONVERSION = YES;
				CLANG_WARN_COMMA = YES;
				CLANG_WARN_CONSTANT_CONVERSION = YES;
				CLANG_WARN_DEPRECATED_OBJC_IMPLEMENTATIONS = YES;
				CLANG_WARN_DIRECT_OBJC_ISA_USAGE = YES_ERROR;
				CLANG_WARN_DOCUMENTATION_COMMENTS = YES;
				CLANG_WARN_EMPTY_BODY = YES;
				CLANG_WARN_ENUM_CONVERSION = YES;
				CLANG_WARN_INFINITE_RECURSION = YES;
				CLANG_WARN_INT_CONVERSION = YES;
				CLANG_WARN_NON_LITERAL_NULL_CONVERSION = YES;
				CLANG_WARN_OBJC_IMPLICIT_RETAIN_SELF = YES;
				CLANG_WARN_OBJC_LITERAL_CONVERSION = YES;
				CLANG_WARN_OBJC_ROOT_CLASS = YES_ERROR;
				CLANG_WARN_RANGE_LOOP_ANALYSIS = YES;
				CLANG_WARN_STRICT_PROTOTYPES = YES;
				CLANG_WARN_SUSPICIOUS_MOVE = YES;
				CLANG_WARN_UNGUARDED_AVAILABILITY = YES_AGGRESSIVE;
				CLANG_WARN_UNREACHABLE_CODE = YES;
				CLANG_WARN__DUPLICATE_METHOD_MATCH = YES;
				CODE_SIGN_IDENTITY = "iPhone Developer";
				COPY_PHASE_STRIP = NO;
				DEBUG_INFORMATION_FORMAT = "dwarf-with-dsym";
				ENABLE_NS_ASSERTIONS = NO;
				ENABLE_STRICT_OBJC_MSGSEND = YES;
				GCC_C_LANGUAGE_STANDARD = gnu11;
				GCC_NO_COMMON_BLOCKS = YES;
				GCC_WARN_64_TO_32_BIT_CONVERSION = YES;
				GCC_WARN_ABOUT_RETURN_TYPE = YES_ERROR;
				GCC_WARN_UNDECLARED_SELECTOR = YES;
				GCC_WARN_UNINITIALIZED_AUTOS = YES_AGGRESSIVE;
				GCC_WARN_UNUSED_FUNCTION = YES;
				GCC_WARN_UNUSED_VARIABLE = YES;
				INFOPLIST_EXPAND_BUILD_SETTINGS = YES;
				IPHONEOS_DEPLOYMENT_TARGET = 10.0;
				MTL_ENABLE_DEBUG_INFO = NO;
				OTHER_LDFLAGS = (
					"$(inherited)",
					"-ObjC",
				);
				SDKROOT = iphoneos;
				SWIFT_COMPILATION_MODE = wholemodule;
				SWIFT_OPTIMIZATION_LEVEL = "-O";
				USE_HEADERMAP = YES;
				VALIDATE_PRODUCT = YES;
			};
			name = Release;
		};
		AA31A6E62106473100A90B1B /* Debug */ = {
			isa = XCBuildConfiguration;
			baseConfigurationReference = 97C640BDD466DAF1D0E4D3CA /* Pods-CountryApp.debug.xcconfig */;
			buildSettings = {
				ASSETCATALOG_COMPILER_APPICON_NAME = AppIcon;
				CODE_SIGN_STYLE = Manual;
				DEVELOPMENT_TEAM = "";
				INFOPLIST_FILE = CountryApp/Info.plist;
				IPHONEOS_DEPLOYMENT_TARGET = 10.0;
				LD_RUNPATH_SEARCH_PATHS = (
					"$(inherited)",
					"@executable_path/Frameworks",
				);
				OTHER_LDFLAGS = (
					"$(inherited)",
					"-ObjC",
				);
				PRODUCT_BUNDLE_IDENTIFIER = com.rasmiranjan20.CountryApp;
				PRODUCT_NAME = "$(TARGET_NAME)";
				PROVISIONING_PROFILE_SPECIFIER = "";
				SWIFT_VERSION = 4.0;
				TARGETED_DEVICE_FAMILY = "1,2";
			};
			name = Debug;
		};
		AA31A6E72106473100A90B1B /* Release */ = {
			isa = XCBuildConfiguration;
			baseConfigurationReference = 18DCA66D8B7DA6E6FA22B21D /* Pods-CountryApp.release.xcconfig */;
			buildSettings = {
				ASSETCATALOG_COMPILER_APPICON_NAME = AppIcon;
				CODE_SIGN_STYLE = Manual;
				DEVELOPMENT_TEAM = "";
				INFOPLIST_FILE = CountryApp/Info.plist;
				IPHONEOS_DEPLOYMENT_TARGET = 10.0;
				LD_RUNPATH_SEARCH_PATHS = (
					"$(inherited)",
					"@executable_path/Frameworks",
				);
				OTHER_LDFLAGS = (
					"$(inherited)",
					"-ObjC",
				);
				PRODUCT_BUNDLE_IDENTIFIER = com.rasmiranjan20.CountryApp;
				PRODUCT_NAME = "$(TARGET_NAME)";
				PROVISIONING_PROFILE_SPECIFIER = "";
				SWIFT_VERSION = 4.0;
				TARGETED_DEVICE_FAMILY = "1,2";
			};
			name = Release;
		};
		AA31A6E92106473100A90B1B /* Debug */ = {
			isa = XCBuildConfiguration;
			baseConfigurationReference = A5B17237511F90852461D579 /* Pods-CountryAppTests.debug.xcconfig */;
			buildSettings = {
				ALWAYS_EMBED_SWIFT_STANDARD_LIBRARIES = NO;
				BUNDLE_LOADER = "$(TEST_HOST)";
				CODE_SIGN_STYLE = Automatic;
				INFOPLIST_FILE = CountryAppTests/Info.plist;
				LD_RUNPATH_SEARCH_PATHS = (
					"$(inherited)",
					"@executable_path/Frameworks",
					"@loader_path/Frameworks",
				);
				PRODUCT_BUNDLE_IDENTIFIER = com.rasmiranjan20.CountryAppTests;
				PRODUCT_NAME = "$(TARGET_NAME)";
				SWIFT_VERSION = 4.0;
				TARGETED_DEVICE_FAMILY = "1,2";
				TEST_HOST = "$(BUILT_PRODUCTS_DIR)/CountryApp.app/CountryApp";
			};
			name = Debug;
		};
		AA31A6EA2106473100A90B1B /* Release */ = {
			isa = XCBuildConfiguration;
			baseConfigurationReference = A4DCDC18A195A742D212EB5E /* Pods-CountryAppTests.release.xcconfig */;
			buildSettings = {
				ALWAYS_EMBED_SWIFT_STANDARD_LIBRARIES = NO;
				BUNDLE_LOADER = "$(TEST_HOST)";
				CODE_SIGN_STYLE = Automatic;
				INFOPLIST_FILE = CountryAppTests/Info.plist;
				LD_RUNPATH_SEARCH_PATHS = (
					"$(inherited)",
					"@executable_path/Frameworks",
					"@loader_path/Frameworks",
				);
				PRODUCT_BUNDLE_IDENTIFIER = com.rasmiranjan20.CountryAppTests;
				PRODUCT_NAME = "$(TARGET_NAME)";
				SWIFT_VERSION = 4.0;
				TARGETED_DEVICE_FAMILY = "1,2";
				TEST_HOST = "$(BUILT_PRODUCTS_DIR)/CountryApp.app/CountryApp";
			};
			name = Release;
		};
		AA31A6EC2106473100A90B1B /* Debug */ = {
			isa = XCBuildConfiguration;
			baseConfigurationReference = D64D2CDAF0E1E010F20E38CC /* Pods-CountryAppUITests.debug.xcconfig */;
			buildSettings = {
				ALWAYS_EMBED_SWIFT_STANDARD_LIBRARIES = YES;
				CODE_SIGN_STYLE = Automatic;
				INFOPLIST_FILE = CountryAppUITests/Info.plist;
				LD_RUNPATH_SEARCH_PATHS = (
					"$(inherited)",
					"@executable_path/Frameworks",
					"@loader_path/Frameworks",
				);
				PRODUCT_BUNDLE_IDENTIFIER = com.rasmiranjan20.CountryAppUITests;
				PRODUCT_NAME = "$(TARGET_NAME)";
				SWIFT_VERSION = 4.0;
				TARGETED_DEVICE_FAMILY = "1,2";
				TEST_TARGET_NAME = CountryApp;
			};
			name = Debug;
		};
		AA31A6ED2106473100A90B1B /* Release */ = {
			isa = XCBuildConfiguration;
			baseConfigurationReference = DCC91C5ECDAEFEF11BA9F350 /* Pods-CountryAppUITests.release.xcconfig */;
			buildSettings = {
				ALWAYS_EMBED_SWIFT_STANDARD_LIBRARIES = YES;
				CODE_SIGN_STYLE = Automatic;
				INFOPLIST_FILE = CountryAppUITests/Info.plist;
				LD_RUNPATH_SEARCH_PATHS = (
					"$(inherited)",
					"@executable_path/Frameworks",
					"@loader_path/Frameworks",
				);
				PRODUCT_BUNDLE_IDENTIFIER = com.rasmiranjan20.CountryAppUITests;
				PRODUCT_NAME = "$(TARGET_NAME)";
				SWIFT_VERSION = 4.0;
				TARGETED_DEVICE_FAMILY = "1,2";
				TEST_TARGET_NAME = CountryApp;
			};
			name = Release;
		};
/* End XCBuildConfiguration section */

/* Begin XCConfigurationList section */
		AA31A6B52106473000A90B1B /* Build configuration list for PBXProject "CountryApp" */ = {
			isa = XCConfigurationList;
			buildConfigurations = (
				AA31A6E32106473100A90B1B /* Debug */,
				AA31A6E42106473100A90B1B /* Release */,
			);
			defaultConfigurationIsVisible = 0;
			defaultConfigurationName = Release;
		};
		AA31A6E52106473100A90B1B /* Build configuration list for PBXNativeTarget "CountryApp" */ = {
			isa = XCConfigurationList;
			buildConfigurations = (
				AA31A6E62106473100A90B1B /* Debug */,
				AA31A6E72106473100A90B1B /* Release */,
			);
			defaultConfigurationIsVisible = 0;
			defaultConfigurationName = Release;
		};
		AA31A6E82106473100A90B1B /* Build configuration list for PBXNativeTarget "CountryAppTests" */ = {
			isa = XCConfigurationList;
			buildConfigurations = (
				AA31A6E92106473100A90B1B /* Debug */,
				AA31A6EA2106473100A90B1B /* Release */,
			);
			defaultConfigurationIsVisible = 0;
			defaultConfigurationName = Release;
		};
		AA31A6EB2106473100A90B1B /* Build configuration list for PBXNativeTarget "CountryAppUITests" */ = {
			isa = XCConfigurationList;
			buildConfigurations = (
				AA31A6EC2106473100A90B1B /* Debug */,
				AA31A6ED2106473100A90B1B /* Release */,
			);
			defaultConfigurationIsVisible = 0;
			defaultConfigurationName = Release;
		};
/* End XCConfigurationList section */

/* Begin XCVersionGroup section */
		AA31A6C42106473000A90B1B /* CountryApp.xcdatamodeld */ = {
			isa = XCVersionGroup;
			children = (
				AA31A6C52106473000A90B1B /* CountryApp.xcdatamodel */,
			);
			currentVersion = AA31A6C52106473000A90B1B /* CountryApp.xcdatamodel */;
			path = CountryApp.xcdatamodeld;
			sourceTree = "<group>";
			versionGroupType = wrapper.xcdatamodel;
		};
/* End XCVersionGroup section */
	};
	rootObject = AA31A6B22106473000A90B1B /* Project object */;
}
